{
  "name": "pseud-esp",
  "version": "0.2.0",
  "lockfileVersion": 3,
  "requires": true,
  "packages": {
    "": {
      "name": "pseud-esp",
      "version": "0.2.0",
      "dependencies": {
        "@types/vscode": "^1.92.0"
      },
      "engines": {
        "vscode": "^1.92.0"
      }
    },
    "node_modules/@types/vscode": {
      "version": "1.92.0",
      "resolved": "https://registry.npmjs.org/@types/vscode/-/vscode-1.92.0.tgz",
      "integrity": "sha512-DcZoCj17RXlzB4XJ7IfKdPTcTGDLYvTOcTNkvtjXWF+K2TlKzHHkBEXNWQRpBIXixNEUgx39cQeTFunY0E2msw==",
      "license": "MIT"
    }
  }
}
